// !$*UTF8*$!
{
	archiveVersion = 1;
	classes = {
	};
	objectVersion = 52;
	objects = {

/* Begin PBXBuildFile section */
		E542582D231CD190008CFD75 /* AppDelegate.swift in Sources */ = {isa = PBXBuildFile; fileRef = E542582C231CD190008CFD75 /* AppDelegate.swift */; };
		E542582F231CD190008CFD75 /* SceneDelegate.swift in Sources */ = {isa = PBXBuildFile; fileRef = E542582E231CD190008CFD75 /* SceneDelegate.swift */; };
		E5425831231CD190008CFD75 /* ContentView.swift in Sources */ = {isa = PBXBuildFile; fileRef = E5425830231CD190008CFD75 /* ContentView.swift */; };
		E5425833231CD191008CFD75 /* Assets.xcassets in Resources */ = {isa = PBXBuildFile; fileRef = E5425832231CD191008CFD75 /* Assets.xcassets */; };
		E5425836231CD191008CFD75 /* Preview Assets.xcassets in Resources */ = {isa = PBXBuildFile; fileRef = E5425835231CD191008CFD75 /* Preview Assets.xcassets */; };
		E5425839231CD191008CFD75 /* LaunchScreen.storyboard in Resources */ = {isa = PBXBuildFile; fileRef = E5425837231CD191008CFD75 /* LaunchScreen.storyboard */; };
		E5425844231CD192008CFD75 /* TheMovieDB_SwiftUITests.swift in Sources */ = {isa = PBXBuildFile; fileRef = E5425843231CD192008CFD75 /* TheMovieDB_SwiftUITests.swift */; };
		E5425850231CD29D008CFD75 /* Alamofire in Frameworks */ = {isa = PBXBuildFile; productRef = E542584F231CD29D008CFD75 /* Alamofire */; };
		E5425853231CD2C6008CFD75 /* AlamofireImage in Frameworks */ = {isa = PBXBuildFile; productRef = E5425852231CD2C6008CFD75 /* AlamofireImage */; };
		E5425856231CD492008CFD75 /* Extension-Color.swift in Sources */ = {isa = PBXBuildFile; fileRef = E5425855231CD492008CFD75 /* Extension-Color.swift */; };
		E5425863231CD4A1008CFD75 /* NetworkManager.swift in Sources */ = {isa = PBXBuildFile; fileRef = E5425859231CD4A1008CFD75 /* NetworkManager.swift */; };
		E5425864231CD4A1008CFD75 /* API.swift in Sources */ = {isa = PBXBuildFile; fileRef = E542585B231CD4A1008CFD75 /* API.swift */; };
		E5425865231CD4A1008CFD75 /* GetPopularUseCase.swift in Sources */ = {isa = PBXBuildFile; fileRef = E542585D231CD4A1008CFD75 /* GetPopularUseCase.swift */; };
		E5425866231CD4A1008CFD75 /* GetImageUseCase.swift in Sources */ = {isa = PBXBuildFile; fileRef = E542585E231CD4A1008CFD75 /* GetImageUseCase.swift */; };
		E5425867231CD4A1008CFD75 /* GetMovieUseCase.swift in Sources */ = {isa = PBXBuildFile; fileRef = E542585F231CD4A1008CFD75 /* GetMovieUseCase.swift */; };
		E5425868231CD4A1008CFD75 /* Router.swift in Sources */ = {isa = PBXBuildFile; fileRef = E5425861231CD4A1008CFD75 /* Router.swift */; };
		E5425869231CD4A1008CFD75 /* EndPointType.swift in Sources */ = {isa = PBXBuildFile; fileRef = E5425862231CD4A1008CFD75 /* EndPointType.swift */; };
		E5425886231CD4D4008CFD75 /* FullMovie.swift in Sources */ = {isa = PBXBuildFile; fileRef = E5425883231CD4D4008CFD75 /* FullMovie.swift */; };
		E5425887231CD4D4008CFD75 /* PreviewMovie.swift in Sources */ = {isa = PBXBuildFile; fileRef = E5425884231CD4D4008CFD75 /* PreviewMovie.swift */; };
		E5425888231CD4D4008CFD75 /* MovieList.swift in Sources */ = {isa = PBXBuildFile; fileRef = E5425885231CD4D4008CFD75 /* MovieList.swift */; };
		E542588A231CD600008CFD75 /* MovieListSwiftUIView.swift in Sources */ = {isa = PBXBuildFile; fileRef = E5425889231CD600008CFD75 /* MovieListSwiftUIView.swift */; };
		E5425890231CE044008CFD75 /* Data.swift in Sources */ = {isa = PBXBuildFile; fileRef = E542588C231CE043008CFD75 /* Data.swift */; };
		E5425891231CE044008CFD75 /* popular.json in Resources */ = {isa = PBXBuildFile; fileRef = E542588E231CE043008CFD75 /* popular.json */; };
		E5425892231CE044008CFD75 /* movie.json in Resources */ = {isa = PBXBuildFile; fileRef = E542588F231CE043008CFD75 /* movie.json */; };
		E5425896231E03CF008CFD75 /* MovieRowSwiftUIView.swift in Sources */ = {isa = PBXBuildFile; fileRef = E5425895231E03CF008CFD75 /* MovieRowSwiftUIView.swift */; };
		E5425898231E0AB0008CFD75 /* MovieDetailSwiftUIView.swift in Sources */ = {isa = PBXBuildFile; fileRef = E5425897231E0AB0008CFD75 /* MovieDetailSwiftUIView.swift */; };
/* End PBXBuildFile section */

/* Begin PBXContainerItemProxy section */
		E5425840231CD192008CFD75 /* PBXContainerItemProxy */ = {
			isa = PBXContainerItemProxy;
			containerPortal = E5425821231CD190008CFD75 /* Project object */;
			proxyType = 1;
			remoteGlobalIDString = E5425828231CD190008CFD75;
			remoteInfo = "TheMovieDB-SwiftUI";
		};
/* End PBXContainerItemProxy section */

/* Begin PBXFileReference section */
		E5425829231CD190008CFD75 /* TheMovieDB-SwiftUI.app */ = {isa = PBXFileReference; explicitFileType = wrapper.application; includeInIndex = 0; path = "TheMovieDB-SwiftUI.app"; sourceTree = BUILT_PRODUCTS_DIR; };
		E542582C231CD190008CFD75 /* AppDelegate.swift */ = {isa = PBXFileReference; lastKnownFileType = sourcecode.swift; path = AppDelegate.swift; sourceTree = "<group>"; };
		E542582E231CD190008CFD75 /* SceneDelegate.swift */ = {isa = PBXFileReference; lastKnownFileType = sourcecode.swift; path = SceneDelegate.swift; sourceTree = "<group>"; };
		E5425830231CD190008CFD75 /* ContentView.swift */ = {isa = PBXFileReference; lastKnownFileType = sourcecode.swift; path = ContentView.swift; sourceTree = "<group>"; };
		E5425832231CD191008CFD75 /* Assets.xcassets */ = {isa = PBXFileReference; lastKnownFileType = folder.assetcatalog; path = Assets.xcassets; sourceTree = "<group>"; };
		E5425835231CD191008CFD75 /* Preview Assets.xcassets */ = {isa = PBXFileReference; lastKnownFileType = folder.assetcatalog; path = "Preview Assets.xcassets"; sourceTree = "<group>"; };
		E5425838231CD191008CFD75 /* Base */ = {isa = PBXFileReference; lastKnownFileType = file.storyboard; name = Base; path = Base.lproj/LaunchScreen.storyboard; sourceTree = "<group>"; };
		E542583A231CD191008CFD75 /* Info.plist */ = {isa = PBXFileReference; lastKnownFileType = text.plist.xml; path = Info.plist; sourceTree = "<group>"; };
		E542583F231CD192008CFD75 /* TheMovieDB-SwiftUITests.xctest */ = {isa = PBXFileReference; explicitFileType = wrapper.cfbundle; includeInIndex = 0; path = "TheMovieDB-SwiftUITests.xctest"; sourceTree = BUILT_PRODUCTS_DIR; };
		E5425843231CD192008CFD75 /* TheMovieDB_SwiftUITests.swift */ = {isa = PBXFileReference; lastKnownFileType = sourcecode.swift; path = TheMovieDB_SwiftUITests.swift; sourceTree = "<group>"; };
		E5425845231CD192008CFD75 /* Info.plist */ = {isa = PBXFileReference; lastKnownFileType = text.plist.xml; path = Info.plist; sourceTree = "<group>"; };
		E5425855231CD492008CFD75 /* Extension-Color.swift */ = {isa = PBXFileReference; fileEncoding = 4; lastKnownFileType = sourcecode.swift; path = "Extension-Color.swift"; sourceTree = "<group>"; };
		E5425859231CD4A1008CFD75 /* NetworkManager.swift */ = {isa = PBXFileReference; fileEncoding = 4; lastKnownFileType = sourcecode.swift; path = NetworkManager.swift; sourceTree = "<group>"; };
		E542585B231CD4A1008CFD75 /* API.swift */ = {isa = PBXFileReference; fileEncoding = 4; lastKnownFileType = sourcecode.swift; path = API.swift; sourceTree = "<group>"; };
		E542585D231CD4A1008CFD75 /* GetPopularUseCase.swift */ = {isa = PBXFileReference; fileEncoding = 4; lastKnownFileType = sourcecode.swift; path = GetPopularUseCase.swift; sourceTree = "<group>"; };
		E542585E231CD4A1008CFD75 /* GetImageUseCase.swift */ = {isa = PBXFileReference; fileEncoding = 4; lastKnownFileType = sourcecode.swift; path = GetImageUseCase.swift; sourceTree = "<group>"; };
		E542585F231CD4A1008CFD75 /* GetMovieUseCase.swift */ = {isa = PBXFileReference; fileEncoding = 4; lastKnownFileType = sourcecode.swift; path = GetMovieUseCase.swift; sourceTree = "<group>"; };
		E5425861231CD4A1008CFD75 /* Router.swift */ = {isa = PBXFileReference; fileEncoding = 4; lastKnownFileType = sourcecode.swift; path = Router.swift; sourceTree = "<group>"; };
		E5425862231CD4A1008CFD75 /* EndPointType.swift */ = {isa = PBXFileReference; fileEncoding = 4; lastKnownFileType = sourcecode.swift; path = EndPointType.swift; sourceTree = "<group>"; };
		E5425883231CD4D4008CFD75 /* FullMovie.swift */ = {isa = PBXFileReference; fileEncoding = 4; lastKnownFileType = sourcecode.swift; path = FullMovie.swift; sourceTree = "<group>"; };
		E5425884231CD4D4008CFD75 /* PreviewMovie.swift */ = {isa = PBXFileReference; fileEncoding = 4; lastKnownFileType = sourcecode.swift; path = PreviewMovie.swift; sourceTree = "<group>"; };
		E5425885231CD4D4008CFD75 /* MovieList.swift */ = {isa = PBXFileReference; fileEncoding = 4; lastKnownFileType = sourcecode.swift; path = MovieList.swift; sourceTree = "<group>"; };
		E5425889231CD600008CFD75 /* MovieListSwiftUIView.swift */ = {isa = PBXFileReference; lastKnownFileType = sourcecode.swift; path = MovieListSwiftUIView.swift; sourceTree = "<group>"; };
		E542588C231CE043008CFD75 /* Data.swift */ = {isa = PBXFileReference; fileEncoding = 4; lastKnownFileType = sourcecode.swift; path = Data.swift; sourceTree = "<group>"; };
		E542588E231CE043008CFD75 /* popular.json */ = {isa = PBXFileReference; fileEncoding = 4; lastKnownFileType = text.json; path = popular.json; sourceTree = "<group>"; };
		E542588F231CE043008CFD75 /* movie.json */ = {isa = PBXFileReference; fileEncoding = 4; lastKnownFileType = text.json; path = movie.json; sourceTree = "<group>"; };
		E5425895231E03CF008CFD75 /* MovieRowSwiftUIView.swift */ = {isa = PBXFileReference; fileEncoding = 4; lastKnownFileType = sourcecode.swift; path = MovieRowSwiftUIView.swift; sourceTree = "<group>"; };
		E5425897231E0AB0008CFD75 /* MovieDetailSwiftUIView.swift */ = {isa = PBXFileReference; lastKnownFileType = sourcecode.swift; path = MovieDetailSwiftUIView.swift; sourceTree = "<group>"; };
/* End PBXFileReference section */

/* Begin PBXFrameworksBuildPhase section */
		E5425826231CD190008CFD75 /* Frameworks */ = {
			isa = PBXFrameworksBuildPhase;
			buildActionMask = 2147483647;
			files = (
				E5425850231CD29D008CFD75 /* Alamofire in Frameworks */,
				E5425853231CD2C6008CFD75 /* AlamofireImage in Frameworks */,
			);
			runOnlyForDeploymentPostprocessing = 0;
		};
		E542583C231CD192008CFD75 /* Frameworks */ = {
			isa = PBXFrameworksBuildPhase;
			buildActionMask = 2147483647;
			files = (
			);
			runOnlyForDeploymentPostprocessing = 0;
		};
/* End PBXFrameworksBuildPhase section */

/* Begin PBXGroup section */
		E5425820231CD190008CFD75 = {
			isa = PBXGroup;
			children = (
				E542582B231CD190008CFD75 /* TheMovieDB-SwiftUI */,
				E5425842231CD192008CFD75 /* TheMovieDB-SwiftUITests */,
				E542582A231CD190008CFD75 /* Products */,
			);
			sourceTree = "<group>";
		};
		E542582A231CD190008CFD75 /* Products */ = {
			isa = PBXGroup;
			children = (
				E5425829231CD190008CFD75 /* TheMovieDB-SwiftUI.app */,
				E542583F231CD192008CFD75 /* TheMovieDB-SwiftUITests.xctest */,
			);
			name = Products;
			sourceTree = "<group>";
		};
		E542582B231CD190008CFD75 /* TheMovieDB-SwiftUI */ = {
			isa = PBXGroup;
			children = (
				E542588B231CE043008CFD75 /* Resources */,
				E5425882231CD4D4008CFD75 /* Models */,
				E542586A231CD4B2008CFD75 /* Scenes */,
				E5425857231CD4A1008CFD75 /* Networking */,
				E5425854231CD492008CFD75 /* Extension */,
				E542582C231CD190008CFD75 /* AppDelegate.swift */,
				E542582E231CD190008CFD75 /* SceneDelegate.swift */,
				E5425830231CD190008CFD75 /* ContentView.swift */,
				E5425832231CD191008CFD75 /* Assets.xcassets */,
				E5425837231CD191008CFD75 /* LaunchScreen.storyboard */,
				E542583A231CD191008CFD75 /* Info.plist */,
				E5425834231CD191008CFD75 /* Preview Content */,
			);
			path = "TheMovieDB-SwiftUI";
			sourceTree = "<group>";
		};
		E5425834231CD191008CFD75 /* Preview Content */ = {
			isa = PBXGroup;
			children = (
				E5425835231CD191008CFD75 /* Preview Assets.xcassets */,
			);
			path = "Preview Content";
			sourceTree = "<group>";
		};
		E5425842231CD192008CFD75 /* TheMovieDB-SwiftUITests */ = {
			isa = PBXGroup;
			children = (
				E5425843231CD192008CFD75 /* TheMovieDB_SwiftUITests.swift */,
				E5425845231CD192008CFD75 /* Info.plist */,
			);
			path = "TheMovieDB-SwiftUITests";
			sourceTree = "<group>";
		};
		E5425854231CD492008CFD75 /* Extension */ = {
			isa = PBXGroup;
			children = (
				E5425855231CD492008CFD75 /* Extension-Color.swift */,
			);
			path = Extension;
			sourceTree = "<group>";
		};
		E5425857231CD4A1008CFD75 /* Networking */ = {
			isa = PBXGroup;
			children = (
				E5425858231CD4A1008CFD75 /* Manager */,
				E542585A231CD4A1008CFD75 /* EndPoint */,
				E542585C231CD4A1008CFD75 /* UseCases */,
				E5425860231CD4A1008CFD75 /* Services */,
			);
			path = Networking;
			sourceTree = "<group>";
		};
		E5425858231CD4A1008CFD75 /* Manager */ = {
			isa = PBXGroup;
			children = (
				E5425859231CD4A1008CFD75 /* NetworkManager.swift */,
			);
			path = Manager;
			sourceTree = "<group>";
		};
		E542585A231CD4A1008CFD75 /* EndPoint */ = {
			isa = PBXGroup;
			children = (
				E542585B231CD4A1008CFD75 /* API.swift */,
			);
			path = EndPoint;
			sourceTree = "<group>";
		};
		E542585C231CD4A1008CFD75 /* UseCases */ = {
			isa = PBXGroup;
			children = (
				E542585D231CD4A1008CFD75 /* GetPopularUseCase.swift */,
				E542585E231CD4A1008CFD75 /* GetImageUseCase.swift */,
				E542585F231CD4A1008CFD75 /* GetMovieUseCase.swift */,
			);
			path = UseCases;
			sourceTree = "<group>";
		};
		E5425860231CD4A1008CFD75 /* Services */ = {
			isa = PBXGroup;
			children = (
				E5425861231CD4A1008CFD75 /* Router.swift */,
				E5425862231CD4A1008CFD75 /* EndPointType.swift */,
			);
			path = Services;
			sourceTree = "<group>";
		};
		E542586A231CD4B2008CFD75 /* Scenes */ = {
			isa = PBXGroup;
			children = (
				E542586B231CD4B2008CFD75 /* MovieDetail */,
				E5425870231CD4B2008CFD75 /* MovieList */,
			);
			path = Scenes;
			sourceTree = "<group>";
		};
		E542586B231CD4B2008CFD75 /* MovieDetail */ = {
			isa = PBXGroup;
			children = (
				E5425897231E0AB0008CFD75 /* MovieDetailSwiftUIView.swift */,
			);
			path = MovieDetail;
			sourceTree = "<group>";
		};
		E5425870231CD4B2008CFD75 /* MovieList */ = {
			isa = PBXGroup;
			children = (
				E5425895231E03CF008CFD75 /* MovieRowSwiftUIView.swift */,
				E5425889231CD600008CFD75 /* MovieListSwiftUIView.swift */,
			);
			path = MovieList;
			sourceTree = "<group>";
		};
		E5425882231CD4D4008CFD75 /* Models */ = {
			isa = PBXGroup;
			children = (
				E5425883231CD4D4008CFD75 /* FullMovie.swift */,
				E5425884231CD4D4008CFD75 /* PreviewMovie.swift */,
				E5425885231CD4D4008CFD75 /* MovieList.swift */,
			);
			path = Models;
			sourceTree = "<group>";
		};
		E542588B231CE043008CFD75 /* Resources */ = {
			isa = PBXGroup;
			children = (
				E542588C231CE043008CFD75 /* Data.swift */,
				E542588D231CE043008CFD75 /* JsonFiles */,
			);
			path = Resources;
			sourceTree = "<group>";
		};
		E542588D231CE043008CFD75 /* JsonFiles */ = {
			isa = PBXGroup;
			children = (
				E542588E231CE043008CFD75 /* popular.json */,
				E542588F231CE043008CFD75 /* movie.json */,
			);
			path = JsonFiles;
			sourceTree = "<group>";
		};
/* End PBXGroup section */

/* Begin PBXNativeTarget section */
		E5425828231CD190008CFD75 /* TheMovieDB-SwiftUI */ = {
			isa = PBXNativeTarget;
			buildConfigurationList = E5425848231CD192008CFD75 /* Build configuration list for PBXNativeTarget "TheMovieDB-SwiftUI" */;
			buildPhases = (
				E5425825231CD190008CFD75 /* Sources */,
				E5425826231CD190008CFD75 /* Frameworks */,
				E5425827231CD190008CFD75 /* Resources */,
			);
			buildRules = (
			);
			dependencies = (
			);
			name = "TheMovieDB-SwiftUI";
			packageProductDependencies = (
				E542584F231CD29D008CFD75 /* Alamofire */,
				E5425852231CD2C6008CFD75 /* AlamofireImage */,
			);
			productName = "TheMovieDB-SwiftUI";
			productReference = E5425829231CD190008CFD75 /* TheMovieDB-SwiftUI.app */;
			productType = "com.apple.product-type.application";
		};
		E542583E231CD192008CFD75 /* TheMovieDB-SwiftUITests */ = {
			isa = PBXNativeTarget;
			buildConfigurationList = E542584B231CD192008CFD75 /* Build configuration list for PBXNativeTarget "TheMovieDB-SwiftUITests" */;
			buildPhases = (
				E542583B231CD192008CFD75 /* Sources */,
				E542583C231CD192008CFD75 /* Frameworks */,
				E542583D231CD192008CFD75 /* Resources */,
			);
			buildRules = (
			);
			dependencies = (
				E5425841231CD192008CFD75 /* PBXTargetDependency */,
			);
			name = "TheMovieDB-SwiftUITests";
			productName = "TheMovieDB-SwiftUITests";
			productReference = E542583F231CD192008CFD75 /* TheMovieDB-SwiftUITests.xctest */;
			productType = "com.apple.product-type.bundle.unit-test";
		};
/* End PBXNativeTarget section */

/* Begin PBXProject section */
		E5425821231CD190008CFD75 /* Project object */ = {
			isa = PBXProject;
			attributes = {
				LastSwiftUpdateCheck = 1100;
				LastUpgradeCheck = 1100;
				ORGANIZATIONNAME = "Pedro Ramos";
				TargetAttributes = {
					E5425828231CD190008CFD75 = {
						CreatedOnToolsVersion = 11.0;
					};
					E542583E231CD192008CFD75 = {
						CreatedOnToolsVersion = 11.0;
						TestTargetID = E5425828231CD190008CFD75;
					};
				};
			};
			buildConfigurationList = E5425824231CD190008CFD75 /* Build configuration list for PBXProject "TheMovieDB-SwiftUI" */;
			compatibilityVersion = "Xcode 9.3";
			developmentRegion = en;
			hasScannedForEncodings = 0;
			knownRegions = (
				en,
				Base,
			);
			mainGroup = E5425820231CD190008CFD75;
			packageReferences = (
				E542584E231CD29D008CFD75 /* XCRemoteSwiftPackageReference "Alamofire" */,
				E5425851231CD2C6008CFD75 /* XCRemoteSwiftPackageReference "AlamofireImage" */,
			);
			productRefGroup = E542582A231CD190008CFD75 /* Products */;
			projectDirPath = "";
			projectRoot = "";
			targets = (
				E5425828231CD190008CFD75 /* TheMovieDB-SwiftUI */,
				E542583E231CD192008CFD75 /* TheMovieDB-SwiftUITests */,
			);
		};
/* End PBXProject section */

/* Begin PBXResourcesBuildPhase section */
		E5425827231CD190008CFD75 /* Resources */ = {
			isa = PBXResourcesBuildPhase;
			buildActionMask = 2147483647;
			files = (
				E5425891231CE044008CFD75 /* popular.json in Resources */,
				E5425839231CD191008CFD75 /* LaunchScreen.storyboard in Resources */,
				E5425892231CE044008CFD75 /* movie.json in Resources */,
				E5425836231CD191008CFD75 /* Preview Assets.xcassets in Resources */,
				E5425833231CD191008CFD75 /* Assets.xcassets in Resources */,
			);
			runOnlyForDeploymentPostprocessing = 0;
		};
		E542583D231CD192008CFD75 /* Resources */ = {
			isa = PBXResourcesBuildPhase;
			buildActionMask = 2147483647;
			files = (
			);
			runOnlyForDeploymentPostprocessing = 0;
		};
/* End PBXResourcesBuildPhase section */

/* Begin PBXSourcesBuildPhase section */
		E5425825231CD190008CFD75 /* Sources */ = {
			isa = PBXSourcesBuildPhase;
			buildActionMask = 2147483647;
			files = (
				E542582D231CD190008CFD75 /* AppDelegate.swift in Sources */,
				E5425867231CD4A1008CFD75 /* GetMovieUseCase.swift in Sources */,
				E5425868231CD4A1008CFD75 /* Router.swift in Sources */,
				E5425886231CD4D4008CFD75 /* FullMovie.swift in Sources */,
				E5425896231E03CF008CFD75 /* MovieRowSwiftUIView.swift in Sources */,
				E5425856231CD492008CFD75 /* Extension-Color.swift in Sources */,
				E5425890231CE044008CFD75 /* Data.swift in Sources */,
				E5425863231CD4A1008CFD75 /* NetworkManager.swift in Sources */,
				E5425869231CD4A1008CFD75 /* EndPointType.swift in Sources */,
				E542582F231CD190008CFD75 /* SceneDelegate.swift in Sources */,
				E5425898231E0AB0008CFD75 /* MovieDetailSwiftUIView.swift in Sources */,
				E5425866231CD4A1008CFD75 /* GetImageUseCase.swift in Sources */,
				E5425888231CD4D4008CFD75 /* MovieList.swift in Sources */,
				E5425887231CD4D4008CFD75 /* PreviewMovie.swift in Sources */,
				E5425865231CD4A1008CFD75 /* GetPopularUseCase.swift in Sources */,
				E5425864231CD4A1008CFD75 /* API.swift in Sources */,
				E5425831231CD190008CFD75 /* ContentView.swift in Sources */,
				E542588A231CD600008CFD75 /* MovieListSwiftUIView.swift in Sources */,
			);
			runOnlyForDeploymentPostprocessing = 0;
		};
		E542583B231CD192008CFD75 /* Sources */ = {
			isa = PBXSourcesBuildPhase;
			buildActionMask = 2147483647;
			files = (
				E5425844231CD192008CFD75 /* TheMovieDB_SwiftUITests.swift in Sources */,
			);
			runOnlyForDeploymentPostprocessing = 0;
		};
/* End PBXSourcesBuildPhase section */

/* Begin PBXTargetDependency section */
		E5425841231CD192008CFD75 /* PBXTargetDependency */ = {
			isa = PBXTargetDependency;
			target = E5425828231CD190008CFD75 /* TheMovieDB-SwiftUI */;
			targetProxy = E5425840231CD192008CFD75 /* PBXContainerItemProxy */;
		};
/* End PBXTargetDependency section */

/* Begin PBXVariantGroup section */
		E5425837231CD191008CFD75 /* LaunchScreen.storyboard */ = {
			isa = PBXVariantGroup;
			children = (
				E5425838231CD191008CFD75 /* Base */,
			);
			name = LaunchScreen.storyboard;
			sourceTree = "<group>";
		};
/* End PBXVariantGroup section */

/* Begin XCBuildConfiguration section */
		E5425846231CD192008CFD75 /* Debug */ = {
			isa = XCBuildConfiguration;
			buildSettings = {
				ALWAYS_SEARCH_USER_PATHS = NO;
				CLANG_ANALYZER_NONNULL = YES;
				CLANG_ANALYZER_NUMBER_OBJECT_CONVERSION = YES_AGGRESSIVE;
				CLANG_CXX_LANGUAGE_STANDARD = "gnu++14";
				CLANG_CXX_LIBRARY = "libc++";
				CLANG_ENABLE_MODULES = YES;
				CLANG_ENABLE_OBJC_ARC = YES;
				CLANG_ENABLE_OBJC_WEAK = YES;
				CLANG_WARN_BLOCK_CAPTURE_AUTORELEASING = YES;
				CLANG_WARN_BOOL_CONVERSION = YES;
				CLANG_WARN_COMMA = YES;
				CLANG_WARN_CONSTANT_CONVERSION = YES;
				CLANG_WARN_DEPRECATED_OBJC_IMPLEMENTATIONS = YES;
				CLANG_WARN_DIRECT_OBJC_ISA_USAGE = YES_ERROR;
				CLANG_WARN_DOCUMENTATION_COMMENTS = YES;
				CLANG_WARN_EMPTY_BODY = YES;
				CLANG_WARN_ENUM_CONVERSION = YES;
				CLANG_WARN_INFINITE_RECURSION = YES;
				CLANG_WARN_INT_CONVERSION = YES;
				CLANG_WARN_NON_LITERAL_NULL_CONVERSION = YES;
				CLANG_WARN_OBJC_IMPLICIT_RETAIN_SELF = YES;
				CLANG_WARN_OBJC_LITERAL_CONVERSION = YES;
				CLANG_WARN_OBJC_ROOT_CLASS = YES_ERROR;
				CLANG_WARN_RANGE_LOOP_ANALYSIS = YES;
				CLANG_WARN_STRICT_PROTOTYPES = YES;
				CLANG_WARN_SUSPICIOUS_MOVE = YES;
				CLANG_WARN_UNGUARDED_AVAILABILITY = YES_AGGRESSIVE;
				CLANG_WARN_UNREACHABLE_CODE = YES;
				CLANG_WARN__DUPLICATE_METHOD_MATCH = YES;
				COPY_PHASE_STRIP = NO;
				DEBUG_INFORMATION_FORMAT = dwarf;
				ENABLE_STRICT_OBJC_MSGSEND = YES;
				ENABLE_TESTABILITY = YES;
				GCC_C_LANGUAGE_STANDARD = gnu11;
				GCC_DYNAMIC_NO_PIC = NO;
				GCC_NO_COMMON_BLOCKS = YES;
				GCC_OPTIMIZATION_LEVEL = 0;
				GCC_PREPROCESSOR_DEFINITIONS = (
					"DEBUG=1",
					"$(inherited)",
				);
				GCC_WARN_64_TO_32_BIT_CONVERSION = YES;
				GCC_WARN_ABOUT_RETURN_TYPE = YES_ERROR;
				GCC_WARN_UNDECLARED_SELECTOR = YES;
				GCC_WARN_UNINITIALIZED_AUTOS = YES_AGGRESSIVE;
				GCC_WARN_UNUSED_FUNCTION = YES;
				GCC_WARN_UNUSED_VARIABLE = YES;
				IPHONEOS_DEPLOYMENT_TARGET = 13.0;
				MTL_ENABLE_DEBUG_INFO = INCLUDE_SOURCE;
				MTL_FAST_MATH = YES;
				ONLY_ACTIVE_ARCH = YES;
				SDKROOT = iphoneos;
				SWIFT_ACTIVE_COMPILATION_CONDITIONS = DEBUG;
				SWIFT_OPTIMIZATION_LEVEL = "-Onone";
			};
			name = Debug;
		};
		E5425847231CD192008CFD75 /* Release */ = {
			isa = XCBuildConfiguration;
			buildSettings = {
				ALWAYS_SEARCH_USER_PATHS = NO;
				CLANG_ANALYZER_NONNULL = YES;
				CLANG_ANALYZER_NUMBER_OBJECT_CONVERSION = YES_AGGRESSIVE;
				CLANG_CXX_LANGUAGE_STANDARD = "gnu++14";
				CLANG_CXX_LIBRARY = "libc++";
				CLANG_ENABLE_MODULES = YES;
				CLANG_ENABLE_OBJC_ARC = YES;
				CLANG_ENABLE_OBJC_WEAK = YES;
				CLANG_WARN_BLOCK_CAPTURE_AUTORELEASING = YES;
				CLANG_WARN_BOOL_CONVERSION = YES;
				CLANG_WARN_COMMA = YES;
				CLANG_WARN_CONSTANT_CONVERSION = YES;
				CLANG_WARN_DEPRECATED_OBJC_IMPLEMENTATIONS = YES;
				CLANG_WARN_DIRECT_OBJC_ISA_USAGE = YES_ERROR;
				CLANG_WARN_DOCUMENTATION_COMMENTS = YES;
				CLANG_WARN_EMPTY_BODY = YES;
				CLANG_WARN_ENUM_CONVERSION = YES;
				CLANG_WARN_INFINITE_RECURSION = YES;
				CLANG_WARN_INT_CONVERSION = YES;
				CLANG_WARN_NON_LITERAL_NULL_CONVERSION = YES;
				CLANG_WARN_OBJC_IMPLICIT_RETAIN_SELF = YES;
				CLANG_WARN_OBJC_LITERAL_CONVERSION = YES;
				CLANG_WARN_OBJC_ROOT_CLASS = YES_ERROR;
				CLANG_WARN_RANGE_LOOP_ANALYSIS = YES;
				CLANG_WARN_STRICT_PROTOTYPES = YES;
				CLANG_WARN_SUSPICIOUS_MOVE = YES;
				CLANG_WARN_UNGUARDED_AVAILABILITY = YES_AGGRESSIVE;
				CLANG_WARN_UNREACHABLE_CODE = YES;
				CLANG_WARN__DUPLICATE_METHOD_MATCH = YES;
				COPY_PHASE_STRIP = NO;
				DEBUG_INFORMATION_FORMAT = "dwarf-with-dsym";
				ENABLE_NS_ASSERTIONS = NO;
				ENABLE_STRICT_OBJC_MSGSEND = YES;
				GCC_C_LANGUAGE_STANDARD = gnu11;
				GCC_NO_COMMON_BLOCKS = YES;
				GCC_WARN_64_TO_32_BIT_CONVERSION = YES;
				GCC_WARN_ABOUT_RETURN_TYPE = YES_ERROR;
				GCC_WARN_UNDECLARED_SELECTOR = YES;
				GCC_WARN_UNINITIALIZED_AUTOS = YES_AGGRESSIVE;
				GCC_WARN_UNUSED_FUNCTION = YES;
				GCC_WARN_UNUSED_VARIABLE = YES;
				IPHONEOS_DEPLOYMENT_TARGET = 13.0;
				MTL_ENABLE_DEBUG_INFO = NO;
				MTL_FAST_MATH = YES;
				SDKROOT = iphoneos;
				SWIFT_COMPILATION_MODE = wholemodule;
				SWIFT_OPTIMIZATION_LEVEL = "-O";
				VALIDATE_PRODUCT = YES;
			};
			name = Release;
		};
		E5425849231CD192008CFD75 /* Debug */ = {
			isa = XCBuildConfiguration;
			buildSettings = {
				ASSETCATALOG_COMPILER_APPICON_NAME = AppIcon;
				CODE_SIGN_STYLE = Automatic;
				DEVELOPMENT_ASSET_PATHS = "\"TheMovieDB-SwiftUI/Preview Content\"";
				DEVELOPMENT_TEAM = 34Z652334Z;
				ENABLE_PREVIEWS = YES;
				INFOPLIST_FILE = "TheMovieDB-SwiftUI/Info.plist";
				LD_RUNPATH_SEARCH_PATHS = (
					"$(inherited)",
					"@executable_path/Frameworks",
				);
				PRODUCT_BUNDLE_IDENTIFIER = "pdramoss.TheMovieDB-SwiftUI";
				PRODUCT_NAME = "$(TARGET_NAME)";
				SWIFT_VERSION = 5.0;
				TARGETED_DEVICE_FAMILY = "1,2";
			};
			name = Debug;
		};
		E542584A231CD192008CFD75 /* Release */ = {
			isa = XCBuildConfiguration;
			buildSettings = {
				ASSETCATALOG_COMPILER_APPICON_NAME = AppIcon;
				CODE_SIGN_STYLE = Automatic;
				DEVELOPMENT_ASSET_PATHS = "\"TheMovieDB-SwiftUI/Preview Content\"";
				DEVELOPMENT_TEAM = 34Z652334Z;
				ENABLE_PREVIEWS = YES;
				INFOPLIST_FILE = "TheMovieDB-SwiftUI/Info.plist";
				LD_RUNPATH_SEARCH_PATHS = (
					"$(inherited)",
					"@executable_path/Frameworks",
				);
				PRODUCT_BUNDLE_IDENTIFIER = "pdramoss.TheMovieDB-SwiftUI";
				PRODUCT_NAME = "$(TARGET_NAME)";
				SWIFT_VERSION = 5.0;
				TARGETED_DEVICE_FAMILY = "1,2";
			};
			name = Release;
		};
		E542584C231CD192008CFD75 /* Debug */ = {
			isa = XCBuildConfiguration;
			buildSettings = {
				ALWAYS_EMBED_SWIFT_STANDARD_LIBRARIES = YES;
				BUNDLE_LOADER = "$(TEST_HOST)";
				CODE_SIGN_STYLE = Automatic;
				DEVELOPMENT_TEAM = 34Z652334Z;
				INFOPLIST_FILE = "TheMovieDB-SwiftUITests/Info.plist";
				IPHONEOS_DEPLOYMENT_TARGET = 13.0;
				LD_RUNPATH_SEARCH_PATHS = (
					"$(inherited)",
					"@executable_path/Frameworks",
					"@loader_path/Frameworks",
				);
				PRODUCT_BUNDLE_IDENTIFIER = "pdramoss.TheMovieDB-SwiftUITests";
				PRODUCT_NAME = "$(TARGET_NAME)";
				SWIFT_VERSION = 5.0;
				TARGETED_DEVICE_FAMILY = "1,2";
				TEST_HOST = "$(BUILT_PRODUCTS_DIR)/TheMovieDB-SwiftUI.app/TheMovieDB-SwiftUI";
			};
			name = Debug;
		};
		E542584D231CD192008CFD75 /* Release */ = {
			isa = XCBuildConfiguration;
			buildSettings = {
				ALWAYS_EMBED_SWIFT_STANDARD_LIBRARIES = YES;
				BUNDLE_LOADER = "$(TEST_HOST)";
				CODE_SIGN_STYLE = Automatic;
				DEVELOPMENT_TEAM = 34Z652334Z;
				INFOPLIST_FILE = "TheMovieDB-SwiftUITests/Info.plist";
				IPHONEOS_DEPLOYMENT_TARGET = 13.0;
				LD_RUNPATH_SEARCH_PATHS = (
					"$(inherited)",
					"@executable_path/Frameworks",
					"@loader_path/Frameworks",
				);
				PRODUCT_BUNDLE_IDENTIFIER = "pdramoss.TheMovieDB-SwiftUITests";
				PRODUCT_NAME = "$(TARGET_NAME)";
				SWIFT_VERSION = 5.0;
				TARGETED_DEVICE_FAMILY = "1,2";
				TEST_HOST = "$(BUILT_PRODUCTS_DIR)/TheMovieDB-SwiftUI.app/TheMovieDB-SwiftUI";
			};
			name = Release;
		};
/* End XCBuildConfiguration section */

/* Begin XCConfigurationList section */
		E5425824231CD190008CFD75 /* Build configuration list for PBXProject "TheMovieDB-SwiftUI" */ = {
			isa = XCConfigurationList;
			buildConfigurations = (
				E5425846231CD192008CFD75 /* Debug */,
				E5425847231CD192008CFD75 /* Release */,
			);
			defaultConfigurationIsVisible = 0;
			defaultConfigurationName = Release;
		};
		E5425848231CD192008CFD75 /* Build configuration list for PBXNativeTarget "TheMovieDB-SwiftUI" */ = {
			isa = XCConfigurationList;
			buildConfigurations = (
				E5425849231CD192008CFD75 /* Debug */,
				E542584A231CD192008CFD75 /* Release */,
			);
			defaultConfigurationIsVisible = 0;
			defaultConfigurationName = Release;
		};
		E542584B231CD192008CFD75 /* Build configuration list for PBXNativeTarget "TheMovieDB-SwiftUITests" */ = {
			isa = XCConfigurationList;
			buildConfigurations = (
				E542584C231CD192008CFD75 /* Debug */,
				E542584D231CD192008CFD75 /* Release */,
			);
			defaultConfigurationIsVisible = 0;
			defaultConfigurationName = Release;
		};
/* End XCConfigurationList section */

/* Begin XCRemoteSwiftPackageReference section */
		E542584E231CD29D008CFD75 /* XCRemoteSwiftPackageReference "Alamofire" */ = {
			isa = XCRemoteSwiftPackageReference;
			repositoryURL = "https://github.com/Alamofire/Alamofire.git";
			requirement = {
				kind = exactVersion;
				version = 4.8.2;
			};
		};
		E5425851231CD2C6008CFD75 /* XCRemoteSwiftPackageReference "AlamofireImage" */ = {
			isa = XCRemoteSwiftPackageReference;
			repositoryURL = "https://github.com/Alamofire/AlamofireImage.git";
			requirement = {
				kind = exactVersion;
				version = 3.5.2;
			};
		};
/* End XCRemoteSwiftPackageReference section */

/* Begin XCSwiftPackageProductDependency section */
		E542584F231CD29D008CFD75 /* Alamofire */ = {
			isa = XCSwiftPackageProductDependency;
			package = E542584E231CD29D008CFD75 /* XCRemoteSwiftPackageReference "Alamofire" */;
			productName = Alamofire;
		};
		E5425852231CD2C6008CFD75 /* AlamofireImage */ = {
			isa = XCSwiftPackageProductDependency;
			package = E5425851231CD2C6008CFD75 /* XCRemoteSwiftPackageReference "AlamofireImage" */;
			productName = AlamofireImage;
		};
/* End XCSwiftPackageProductDependency section */
	};
	rootObject = E5425821231CD190008CFD75 /* Project object */;
}
